// !$*UTF8*$!
{
	archiveVersion = 1;
	classes = {
	};
	objectVersion = 50;
	objects = {

/* Begin PBXBuildFile section */
		F73598DC2451E65A0059F441 /* AppDelegate.swift in Sources */ = {isa = PBXBuildFile; fileRef = F73598DB2451E65A0059F441 /* AppDelegate.swift */; };
		F73598DE2451E65A0059F441 /* SceneDelegate.swift in Sources */ = {isa = PBXBuildFile; fileRef = F73598DD2451E65A0059F441 /* SceneDelegate.swift */; };
		F73598E32451E65A0059F441 /* Main.storyboard in Resources */ = {isa = PBXBuildFile; fileRef = F73598E12451E65A0059F441 /* Main.storyboard */; };
		F73598E52451E65B0059F441 /* Assets.xcassets in Resources */ = {isa = PBXBuildFile; fileRef = F73598E42451E65B0059F441 /* Assets.xcassets */; };
		F73598E82451E65B0059F441 /* LaunchScreen.storyboard in Resources */ = {isa = PBXBuildFile; fileRef = F73598E62451E65B0059F441 /* LaunchScreen.storyboard */; };
		F73598F32451E65C0059F441 /* CourseraStarWarsAPITests.swift in Sources */ = {isa = PBXBuildFile; fileRef = F73598F22451E65C0059F441 /* CourseraStarWarsAPITests.swift */; };
		F73598FE2451E65C0059F441 /* CourseraStarWarsAPIUITests.swift in Sources */ = {isa = PBXBuildFile; fileRef = F73598FD2451E65C0059F441 /* CourseraStarWarsAPIUITests.swift */; };
		F735990F2451E7560059F441 /* MainVC.swift in Sources */ = {isa = PBXBuildFile; fileRef = F735990E2451E7560059F441 /* MainVC.swift */; };
		F73599112451ED4F0059F441 /* Character.swift in Sources */ = {isa = PBXBuildFile; fileRef = F73599102451ED4F0059F441 /* Character.swift */; };
		F73599142451EF950059F441 /* CharacterCell.swift in Sources */ = {isa = PBXBuildFile; fileRef = F73599132451EF950059F441 /* CharacterCell.swift */; };
		F73599172451EFC20059F441 /* NetworkService.swift in Sources */ = {isa = PBXBuildFile; fileRef = F73599162451EFC20059F441 /* NetworkService.swift */; };
/* End PBXBuildFile section */

/* Begin PBXContainerItemProxy section */
		F73598EF2451E65C0059F441 /* PBXContainerItemProxy */ = {
			isa = PBXContainerItemProxy;
			containerPortal = F73598D02451E65A0059F441 /* Project object */;
			proxyType = 1;
			remoteGlobalIDString = F73598D72451E65A0059F441;
			remoteInfo = CourseraStarWarsAPI;
		};
		F73598FA2451E65C0059F441 /* PBXContainerItemProxy */ = {
			isa = PBXContainerItemProxy;
			containerPortal = F73598D02451E65A0059F441 /* Project object */;
			proxyType = 1;
			remoteGlobalIDString = F73598D72451E65A0059F441;
			remoteInfo = CourseraStarWarsAPI;
		};
/* End PBXContainerItemProxy section */

/* Begin PBXFileReference section */
		F73598D82451E65A0059F441 /* CourseraStarWarsAPI.app */ = {isa = PBXFileReference; explicitFileType = wrapper.application; includeInIndex = 0; path = CourseraStarWarsAPI.app; sourceTree = BUILT_PRODUCTS_DIR; };
		F73598DB2451E65A0059F441 /* AppDelegate.swift */ = {isa = PBXFileReference; lastKnownFileType = sourcecode.swift; path = AppDelegate.swift; sourceTree = "<group>"; };
		F73598DD2451E65A0059F441 /* SceneDelegate.swift */ = {isa = PBXFileReference; lastKnownFileType = sourcecode.swift; path = SceneDelegate.swift; sourceTree = "<group>"; };
		F73598E22451E65A0059F441 /* Base */ = {isa = PBXFileReference; lastKnownFileType = file.storyboard; name = Base; path = Base.lproj/Main.storyboard; sourceTree = "<group>"; };
		F73598E42451E65B0059F441 /* Assets.xcassets */ = {isa = PBXFileReference; lastKnownFileType = folder.assetcatalog; path = Assets.xcassets; sourceTree = "<group>"; };
		F73598E72451E65B0059F441 /* Base */ = {isa = PBXFileReference; lastKnownFileType = file.storyboard; name = Base; path = Base.lproj/LaunchScreen.storyboard; sourceTree = "<group>"; };
		F73598E92451E65B0059F441 /* Info.plist */ = {isa = PBXFileReference; lastKnownFileType = text.plist.xml; path = Info.plist; sourceTree = "<group>"; };
		F73598EE2451E65C0059F441 /* CourseraStarWarsAPITests.xctest */ = {isa = PBXFileReference; explicitFileType = wrapper.cfbundle; includeInIndex = 0; path = CourseraStarWarsAPITests.xctest; sourceTree = BUILT_PRODUCTS_DIR; };
		F73598F22451E65C0059F441 /* CourseraStarWarsAPITests.swift */ = {isa = PBXFileReference; lastKnownFileType = sourcecode.swift; path = CourseraStarWarsAPITests.swift; sourceTree = "<group>"; };
		F73598F42451E65C0059F441 /* Info.plist */ = {isa = PBXFileReference; lastKnownFileType = text.plist.xml; path = Info.plist; sourceTree = "<group>"; };
		F73598F92451E65C0059F441 /* CourseraStarWarsAPIUITests.xctest */ = {isa = PBXFileReference; explicitFileType = wrapper.cfbundle; includeInIndex = 0; path = CourseraStarWarsAPIUITests.xctest; sourceTree = BUILT_PRODUCTS_DIR; };
		F73598FD2451E65C0059F441 /* CourseraStarWarsAPIUITests.swift */ = {isa = PBXFileReference; lastKnownFileType = sourcecode.swift; path = CourseraStarWarsAPIUITests.swift; sourceTree = "<group>"; };
		F73598FF2451E65C0059F441 /* Info.plist */ = {isa = PBXFileReference; lastKnownFileType = text.plist.xml; path = Info.plist; sourceTree = "<group>"; };
		F735990E2451E7560059F441 /* MainVC.swift */ = {isa = PBXFileReference; lastKnownFileType = sourcecode.swift; path = MainVC.swift; sourceTree = "<group>"; };
		F73599102451ED4F0059F441 /* Character.swift */ = {isa = PBXFileReference; lastKnownFileType = sourcecode.swift; path = Character.swift; sourceTree = "<group>"; };
		F73599132451EF950059F441 /* CharacterCell.swift */ = {isa = PBXFileReference; lastKnownFileType = sourcecode.swift; path = CharacterCell.swift; sourceTree = "<group>"; };
		F73599162451EFC20059F441 /* NetworkService.swift */ = {isa = PBXFileReference; lastKnownFileType = sourcecode.swift; path = NetworkService.swift; sourceTree = "<group>"; };
/* End PBXFileReference section */

/* Begin PBXFrameworksBuildPhase section */
		F73598D52451E65A0059F441 /* Frameworks */ = {
			isa = PBXFrameworksBuildPhase;
			buildActionMask = 2147483647;
			files = (
			);
			runOnlyForDeploymentPostprocessing = 0;
		};
		F73598EB2451E65C0059F441 /* Frameworks */ = {
			isa = PBXFrameworksBuildPhase;
			buildActionMask = 2147483647;
			files = (
			);
			runOnlyForDeploymentPostprocessing = 0;
		};
		F73598F62451E65C0059F441 /* Frameworks */ = {
			isa = PBXFrameworksBuildPhase;
			buildActionMask = 2147483647;
			files = (
			);
			runOnlyForDeploymentPostprocessing = 0;
		};
/* End PBXFrameworksBuildPhase section */

/* Begin PBXGroup section */
		F73598CF2451E65A0059F441 = {
			isa = PBXGroup;
			children = (
				F73598DA2451E65A0059F441 /* CourseraStarWarsAPI */,
				F73598F12451E65C0059F441 /* CourseraStarWarsAPITests */,
				F73598FC2451E65C0059F441 /* CourseraStarWarsAPIUITests */,
				F73598D92451E65A0059F441 /* Products */,
			);
			sourceTree = "<group>";
		};
		F73598D92451E65A0059F441 /* Products */ = {
			isa = PBXGroup;
			children = (
				F73598D82451E65A0059F441 /* CourseraStarWarsAPI.app */,
				F73598EE2451E65C0059F441 /* CourseraStarWarsAPITests.xctest */,
				F73598F92451E65C0059F441 /* CourseraStarWarsAPIUITests.xctest */,
			);
			name = Products;
			sourceTree = "<group>";
		};
		F73598DA2451E65A0059F441 /* CourseraStarWarsAPI */ = {
			isa = PBXGroup;
			children = (
				F73599152451EFAD0059F441 /* Service */,
				F73599122451EF7A0059F441 /* View */,
				F735990D2451E7420059F441 /* Controller */,
				F735990B2451E7120059F441 /* Model */,
				F73598DB2451E65A0059F441 /* AppDelegate.swift */,
				F73598DD2451E65A0059F441 /* SceneDelegate.swift */,
				F73598E12451E65A0059F441 /* Main.storyboard */,
				F73598E42451E65B0059F441 /* Assets.xcassets */,
				F73598E62451E65B0059F441 /* LaunchScreen.storyboard */,
				F73598E92451E65B0059F441 /* Info.plist */,
			);
			path = CourseraStarWarsAPI;
			sourceTree = "<group>";
		};
		F73598F12451E65C0059F441 /* CourseraStarWarsAPITests */ = {
			isa = PBXGroup;
			children = (
				F73598F22451E65C0059F441 /* CourseraStarWarsAPITests.swift */,
				F73598F42451E65C0059F441 /* Info.plist */,
			);
			path = CourseraStarWarsAPITests;
			sourceTree = "<group>";
		};
		F73598FC2451E65C0059F441 /* CourseraStarWarsAPIUITests */ = {
			isa = PBXGroup;
			children = (
				F73598FD2451E65C0059F441 /* CourseraStarWarsAPIUITests.swift */,
				F73598FF2451E65C0059F441 /* Info.plist */,
			);
			path = CourseraStarWarsAPIUITests;
			sourceTree = "<group>";
		};
		F735990B2451E7120059F441 /* Model */ = {
			isa = PBXGroup;
			children = (
				F73599102451ED4F0059F441 /* Character.swift */,
			);
			path = Model;
			sourceTree = "<group>";
		};
		F735990D2451E7420059F441 /* Controller */ = {
			isa = PBXGroup;
			children = (
				F735990E2451E7560059F441 /* MainVC.swift */,
			);
			path = Controller;
			sourceTree = "<group>";
		};
		F73599122451EF7A0059F441 /* View */ = {
			isa = PBXGroup;
			children = (
				F73599132451EF950059F441 /* CharacterCell.swift */,
			);
			path = View;
			sourceTree = "<group>";
		};
		F73599152451EFAD0059F441 /* Service */ = {
			isa = PBXGroup;
			children = (
				F73599162451EFC20059F441 /* NetworkService.swift */,
			);
			path = Service;
			sourceTree = "<group>";
		};
/* End PBXGroup section */

/* Begin PBXNativeTarget section */
		F73598D72451E65A0059F441 /* CourseraStarWarsAPI */ = {
			isa = PBXNativeTarget;
			buildConfigurationList = F73599022451E65C0059F441 /* Build configuration list for PBXNativeTarget "CourseraStarWarsAPI" */;
			buildPhases = (
				F73598D42451E65A0059F441 /* Sources */,
				F73598D52451E65A0059F441 /* Frameworks */,
				F73598D62451E65A0059F441 /* Resources */,
			);
			buildRules = (
			);
			dependencies = (
			);
			name = CourseraStarWarsAPI;
			productName = CourseraStarWarsAPI;
			productReference = F73598D82451E65A0059F441 /* CourseraStarWarsAPI.app */;
			productType = "com.apple.product-type.application";
		};
		F73598ED2451E65C0059F441 /* CourseraStarWarsAPITests */ = {
			isa = PBXNativeTarget;
			buildConfigurationList = F73599052451E65C0059F441 /* Build configuration list for PBXNativeTarget "CourseraStarWarsAPITests" */;
			buildPhases = (
				F73598EA2451E65C0059F441 /* Sources */,
				F73598EB2451E65C0059F441 /* Frameworks */,
				F73598EC2451E65C0059F441 /* Resources */,
			);
			buildRules = (
			);
			dependencies = (
				F73598F02451E65C0059F441 /* PBXTargetDependency */,
			);
			name = CourseraStarWarsAPITests;
			productName = CourseraStarWarsAPITests;
			productReference = F73598EE2451E65C0059F441 /* CourseraStarWarsAPITests.xctest */;
			productType = "com.apple.product-type.bundle.unit-test";
		};
		F73598F82451E65C0059F441 /* CourseraStarWarsAPIUITests */ = {
			isa = PBXNativeTarget;
			buildConfigurationList = F73599082451E65C0059F441 /* Build configuration list for PBXNativeTarget "CourseraStarWarsAPIUITests" */;
			buildPhases = (
				F73598F52451E65C0059F441 /* Sources */,
				F73598F62451E65C0059F441 /* Frameworks */,
				F73598F72451E65C0059F441 /* Resources */,
			);
			buildRules = (
			);
			dependencies = (
				F73598FB2451E65C0059F441 /* PBXTargetDependency */,
			);
			name = CourseraStarWarsAPIUITests;
			productName = CourseraStarWarsAPIUITests;
			productReference = F73598F92451E65C0059F441 /* CourseraStarWarsAPIUITests.xctest */;
			productType = "com.apple.product-type.bundle.ui-testing";
		};
/* End PBXNativeTarget section */

/* Begin PBXProject section */
		F73598D02451E65A0059F441 /* Project object */ = {
			isa = PBXProject;
			attributes = {
				LastSwiftUpdateCheck = 1140;
				LastUpgradeCheck = 1140;
				ORGANIZATIONNAME = "Alena Khadieva";
				TargetAttributes = {
					F73598D72451E65A0059F441 = {
						CreatedOnToolsVersion = 11.4.1;
					};
					F73598ED2451E65C0059F441 = {
						CreatedOnToolsVersion = 11.4.1;
						TestTargetID = F73598D72451E65A0059F441;
					};
					F73598F82451E65C0059F441 = {
						CreatedOnToolsVersion = 11.4.1;
						TestTargetID = F73598D72451E65A0059F441;
					};
				};
			};
			buildConfigurationList = F73598D32451E65A0059F441 /* Build configuration list for PBXProject "CourseraStarWarsAPI" */;
			compatibilityVersion = "Xcode 9.3";
			developmentRegion = en;
			hasScannedForEncodings = 0;
			knownRegions = (
				en,
				Base,
			);
			mainGroup = F73598CF2451E65A0059F441;
			productRefGroup = F73598D92451E65A0059F441 /* Products */;
			projectDirPath = "";
			projectRoot = "";
			targets = (
				F73598D72451E65A0059F441 /* CourseraStarWarsAPI */,
				F73598ED2451E65C0059F441 /* CourseraStarWarsAPITests */,
				F73598F82451E65C0059F441 /* CourseraStarWarsAPIUITests */,
			);
		};
/* End PBXProject section */

/* Begin PBXResourcesBuildPhase section */
		F73598D62451E65A0059F441 /* Resources */ = {
			isa = PBXResourcesBuildPhase;
			buildActionMask = 2147483647;
			files = (
				F73598E82451E65B0059F441 /* LaunchScreen.storyboard in Resources */,
				F73598E52451E65B0059F441 /* Assets.xcassets in Resources */,
				F73598E32451E65A0059F441 /* Main.storyboard in Resources */,
			);
			runOnlyForDeploymentPostprocessing = 0;
		};
		F73598EC2451E65C0059F441 /* Resources */ = {
			isa = PBXResourcesBuildPhase;
			buildActionMask = 2147483647;
			files = (
			);
			runOnlyForDeploymentPostprocessing = 0;
		};
		F73598F72451E65C0059F441 /* Resources */ = {
			isa = PBXResourcesBuildPhase;
			buildActionMask = 2147483647;
			files = (
			);
			runOnlyForDeploymentPostprocessing = 0;
		};
/* End PBXResourcesBuildPhase section */

/* Begin PBXSourcesBuildPhase section */
		F73598D42451E65A0059F441 /* Sources */ = {
			isa = PBXSourcesBuildPhase;
			buildActionMask = 2147483647;
			files = (
				F73599142451EF950059F441 /* CharacterCell.swift in Sources */,
				F73598DC2451E65A0059F441 /* AppDelegate.swift in Sources */,
				F735990F2451E7560059F441 /* MainVC.swift in Sources */,
				F73598DE2451E65A0059F441 /* SceneDelegate.swift in Sources */,
				F73599172451EFC20059F441 /* NetworkService.swift in Sources */,
				F73599112451ED4F0059F441 /* Character.swift in Sources */,
			);
			runOnlyForDeploymentPostprocessing = 0;
		};
		F73598EA2451E65C0059F441 /* Sources */ = {
			isa = PBXSourcesBuildPhase;
			buildActionMask = 2147483647;
			files = (
				F73598F32451E65C0059F441 /* CourseraStarWarsAPITests.swift in Sources */,
			);
			runOnlyForDeploymentPostprocessing = 0;
		};
		F73598F52451E65C0059F441 /* Sources */ = {
			isa = PBXSourcesBuildPhase;
			buildActionMask = 2147483647;
			files = (
				F73598FE2451E65C0059F441 /* CourseraStarWarsAPIUITests.swift in Sources */,
			);
			runOnlyForDeploymentPostprocessing = 0;
		};
/* End PBXSourcesBuildPhase section */

/* Begin PBXTargetDependency section */
		F73598F02451E65C0059F441 /* PBXTargetDependency */ = {
			isa = PBXTargetDependency;
			target = F73598D72451E65A0059F441 /* CourseraStarWarsAPI */;
			targetProxy = F73598EF2451E65C0059F441 /* PBXContainerItemProxy */;
		};
		F73598FB2451E65C0059F441 /* PBXTargetDependency */ = {
			isa = PBXTargetDependency;
			target = F73598D72451E65A0059F441 /* CourseraStarWarsAPI */;
			targetProxy = F73598FA2451E65C0059F441 /* PBXContainerItemProxy */;
		};
/* End PBXTargetDependency section */

/* Begin PBXVariantGroup section */
		F73598E12451E65A0059F441 /* Main.storyboard */ = {
			isa = PBXVariantGroup;
			children = (
				F73598E22451E65A0059F441 /* Base */,
			);
			name = Main.storyboard;
			sourceTree = "<group>";
		};
		F73598E62451E65B0059F441 /* LaunchScreen.storyboard */ = {
			isa = PBXVariantGroup;
			children = (
				F73598E72451E65B0059F441 /* Base */,
			);
			name = LaunchScreen.storyboard;
			sourceTree = "<group>";
		};
/* End PBXVariantGroup section */

/* Begin XCBuildConfiguration section */
		F73599002451E65C0059F441 /* Debug */ = {
			isa = XCBuildConfiguration;
			buildSettings = {
				ALWAYS_SEARCH_USER_PATHS = NO;
				CLANG_ANALYZER_NONNULL = YES;
				CLANG_ANALYZER_NUMBER_OBJECT_CONVERSION = YES_AGGRESSIVE;
				CLANG_CXX_LANGUAGE_STANDARD = "gnu++14";
				CLANG_CXX_LIBRARY = "libc++";
				CLANG_ENABLE_MODULES = YES;
				CLANG_ENABLE_OBJC_ARC = YES;
				CLANG_ENABLE_OBJC_WEAK = YES;
				CLANG_WARN_BLOCK_CAPTURE_AUTORELEASING = YES;
				CLANG_WARN_BOOL_CONVERSION = YES;
				CLANG_WARN_COMMA = YES;
				CLANG_WARN_CONSTANT_CONVERSION = YES;
				CLANG_WARN_DEPRECATED_OBJC_IMPLEMENTATIONS = YES;
				CLANG_WARN_DIRECT_OBJC_ISA_USAGE = YES_ERROR;
				CLANG_WARN_DOCUMENTATION_COMMENTS = YES;
				CLANG_WARN_EMPTY_BODY = YES;
				CLANG_WARN_ENUM_CONVERSION = YES;
				CLANG_WARN_INFINITE_RECURSION = YES;
				CLANG_WARN_INT_CONVERSION = YES;
				CLANG_WARN_NON_LITERAL_NULL_CONVERSION = YES;
				CLANG_WARN_OBJC_IMPLICIT_RETAIN_SELF = YES;
				CLANG_WARN_OBJC_LITERAL_CONVERSION = YES;
				CLANG_WARN_OBJC_ROOT_CLASS = YES_ERROR;
				CLANG_WARN_RANGE_LOOP_ANALYSIS = YES;
				CLANG_WARN_STRICT_PROTOTYPES = YES;
				CLANG_WARN_SUSPICIOUS_MOVE = YES;
				CLANG_WARN_UNGUARDED_AVAILABILITY = YES_AGGRESSIVE;
				CLANG_WARN_UNREACHABLE_CODE = YES;
				CLANG_WARN__DUPLICATE_METHOD_MATCH = YES;
				COPY_PHASE_STRIP = NO;
				DEBUG_INFORMATION_FORMAT = dwarf;
				ENABLE_STRICT_OBJC_MSGSEND = YES;
				ENABLE_TESTABILITY = YES;
				GCC_C_LANGUAGE_STANDARD = gnu11;
				GCC_DYNAMIC_NO_PIC = NO;
				GCC_NO_COMMON_BLOCKS = YES;
				GCC_OPTIMIZATION_LEVEL = 0;
				GCC_PREPROCESSOR_DEFINITIONS = (
					"DEBUG=1",
					"$(inherited)",
				);
				GCC_WARN_64_TO_32_BIT_CONVERSION = YES;
				GCC_WARN_ABOUT_RETURN_TYPE = YES_ERROR;
				GCC_WARN_UNDECLARED_SELECTOR = YES;
				GCC_WARN_UNINITIALIZED_AUTOS = YES_AGGRESSIVE;
				GCC_WARN_UNUSED_FUNCTION = YES;
				GCC_WARN_UNUSED_VARIABLE = YES;
				IPHONEOS_DEPLOYMENT_TARGET = 13.4;
				MTL_ENABLE_DEBUG_INFO = INCLUDE_SOURCE;
				MTL_FAST_MATH = YES;
				ONLY_ACTIVE_ARCH = YES;
				SDKROOT = iphoneos;
				SWIFT_ACTIVE_COMPILATION_CONDITIONS = DEBUG;
				SWIFT_OPTIMIZATION_LEVEL = "-Onone";
			};
			name = Debug;
		};
		F73599012451E65C0059F441 /* Release */ = {
			isa = XCBuildConfiguration;
			buildSettings = {
				ALWAYS_SEARCH_USER_PATHS = NO;
				CLANG_ANALYZER_NONNULL = YES;
				CLANG_ANALYZER_NUMBER_OBJECT_CONVERSION = YES_AGGRESSIVE;
				CLANG_CXX_LANGUAGE_STANDARD = "gnu++14";
				CLANG_CXX_LIBRARY = "libc++";
				CLANG_ENABLE_MODULES = YES;
				CLANG_ENABLE_OBJC_ARC = YES;
				CLANG_ENABLE_OBJC_WEAK = YES;
				CLANG_WARN_BLOCK_CAPTURE_AUTORELEASING = YES;
				CLANG_WARN_BOOL_CONVERSION = YES;
				CLANG_WARN_COMMA = YES;
				CLANG_WARN_CONSTANT_CONVERSION = YES;
				CLANG_WARN_DEPRECATED_OBJC_IMPLEMENTATIONS = YES;
				CLANG_WARN_DIRECT_OBJC_ISA_USAGE = YES_ERROR;
				CLANG_WARN_DOCUMENTATION_COMMENTS = YES;
				CLANG_WARN_EMPTY_BODY = YES;
				CLANG_WARN_ENUM_CONVERSION = YES;
				CLANG_WARN_INFINITE_RECURSION = YES;
				CLANG_WARN_INT_CONVERSION = YES;
				CLANG_WARN_NON_LITERAL_NULL_CONVERSION = YES;
				CLANG_WARN_OBJC_IMPLICIT_RETAIN_SELF = YES;
				CLANG_WARN_OBJC_LITERAL_CONVERSION = YES;
				CLANG_WARN_OBJC_ROOT_CLASS = YES_ERROR;
				CLANG_WARN_RANGE_LOOP_ANALYSIS = YES;
				CLANG_WARN_STRICT_PROTOTYPES = YES;
				CLANG_WARN_SUSPICIOUS_MOVE = YES;
				CLANG_WARN_UNGUARDED_AVAILABILITY = YES_AGGRESSIVE;
				CLANG_WARN_UNREACHABLE_CODE = YES;
				CLANG_WARN__DUPLICATE_METHOD_MATCH = YES;
				COPY_PHASE_STRIP = NO;
				DEBUG_INFORMATION_FORMAT = "dwarf-with-dsym";
				ENABLE_NS_ASSERTIONS = NO;
				ENABLE_STRICT_OBJC_MSGSEND = YES;
				GCC_C_LANGUAGE_STANDARD = gnu11;
				GCC_NO_COMMON_BLOCKS = YES;
				GCC_WARN_64_TO_32_BIT_CONVERSION = YES;
				GCC_WARN_ABOUT_RETURN_TYPE = YES_ERROR;
				GCC_WARN_UNDECLARED_SELECTOR = YES;
				GCC_WARN_UNINITIALIZED_AUTOS = YES_AGGRESSIVE;
				GCC_WARN_UNUSED_FUNCTION = YES;
				GCC_WARN_UNUSED_VARIABLE = YES;
				IPHONEOS_DEPLOYMENT_TARGET = 13.4;
				MTL_ENABLE_DEBUG_INFO = NO;
				MTL_FAST_MATH = YES;
				SDKROOT = iphoneos;
				SWIFT_COMPILATION_MODE = wholemodule;
				SWIFT_OPTIMIZATION_LEVEL = "-O";
				VALIDATE_PRODUCT = YES;
			};
			name = Release;
		};
		F73599032451E65C0059F441 /* Debug */ = {
			isa = XCBuildConfiguration;
			buildSettings = {
				ASSETCATALOG_COMPILER_APPICON_NAME = AppIcon;
				CODE_SIGN_STYLE = Automatic;
				DEVELOPMENT_TEAM = 35FXA3YH32;
				INFOPLIST_FILE = CourseraStarWarsAPI/Info.plist;
				LD_RUNPATH_SEARCH_PATHS = (
					"$(inherited)",
					"@executable_path/Frameworks",
				);
				PRODUCT_BUNDLE_IDENTIFIER = Alena.CourseraStarWarsAPI;
				PRODUCT_NAME = "$(TARGET_NAME)";
				SWIFT_VERSION = 5.0;
				TARGETED_DEVICE_FAMILY = "1,2";
			};
			name = Debug;
		};
		F73599042451E65C0059F441 /* Release */ = {
			isa = XCBuildConfiguration;
			buildSettings = {
				ASSETCATALOG_COMPILER_APPICON_NAME = AppIcon;
				CODE_SIGN_STYLE = Automatic;
				DEVELOPMENT_TEAM = 35FXA3YH32;
				INFOPLIST_FILE = CourseraStarWarsAPI/Info.plist;
				LD_RUNPATH_SEARCH_PATHS = (
					"$(inherited)",
					"@executable_path/Frameworks",
				);
				PRODUCT_BUNDLE_IDENTIFIER = Alena.CourseraStarWarsAPI;
				PRODUCT_NAME = "$(TARGET_NAME)";
				SWIFT_VERSION = 5.0;
				TARGETED_DEVICE_FAMILY = "1,2";
			};
			name = Release;
		};
		F73599062451E65C0059F441 /* Debug */ = {
			isa = XCBuildConfiguration;
			buildSettings = {
				ALWAYS_EMBED_SWIFT_STANDARD_LIBRARIES = YES;
				BUNDLE_LOADER = "$(TEST_HOST)";
				CODE_SIGN_STYLE = Automatic;
				DEVELOPMENT_TEAM = 35FXA3YH32;
				INFOPLIST_FILE = CourseraStarWarsAPITests/Info.plist;
				IPHONEOS_DEPLOYMENT_TARGET = 13.4;
				LD_RUNPATH_SEARCH_PATHS = (
					"$(inherited)",
					"@executable_path/Frameworks",
					"@loader_path/Frameworks",
				);
				PRODUCT_BUNDLE_IDENTIFIER = Alena.CourseraStarWarsAPITests;
				PRODUCT_NAME = "$(TARGET_NAME)";
				SWIFT_VERSION = 5.0;
				TARGETED_DEVICE_FAMILY = "1,2";
				TEST_HOST = "$(BUILT_PRODUCTS_DIR)/CourseraStarWarsAPI.app/CourseraStarWarsAPI";
			};
			name = Debug;
		};
		F73599072451E65C0059F441 /* Release */ = {
			isa = XCBuildConfiguration;
			buildSettings = {
				ALWAYS_EMBED_SWIFT_STANDARD_LIBRARIES = YES;
				BUNDLE_LOADER = "$(TEST_HOST)";
				CODE_SIGN_STYLE = Automatic;
				DEVELOPMENT_TEAM = 35FXA3YH32;
				INFOPLIST_FILE = CourseraStarWarsAPITests/Info.plist;
				IPHONEOS_DEPLOYMENT_TARGET = 13.4;
				LD_RUNPATH_SEARCH_PATHS = (
					"$(inherited)",
					"@executable_path/Frameworks",
					"@loader_path/Frameworks",
				);
				PRODUCT_BUNDLE_IDENTIFIER = Alena.CourseraStarWarsAPITests;
				PRODUCT_NAME = "$(TARGET_NAME)";
				SWIFT_VERSION = 5.0;
				TARGETED_DEVICE_FAMILY = "1,2";
				TEST_HOST = "$(BUILT_PRODUCTS_DIR)/CourseraStarWarsAPI.app/CourseraStarWarsAPI";
			};
			name = Release;
		};
		F73599092451E65C0059F441 /* Debug */ = {
			isa = XCBuildConfiguration;
			buildSettings = {
				ALWAYS_EMBED_SWIFT_STANDARD_LIBRARIES = YES;
				CODE_SIGN_STYLE = Automatic;
				DEVELOPMENT_TEAM = 35FXA3YH32;
				INFOPLIST_FILE = CourseraStarWarsAPIUITests/Info.plist;
				LD_RUNPATH_SEARCH_PATHS = (
					"$(inherited)",
					"@executable_path/Frameworks",
					"@loader_path/Frameworks",
				);
				PRODUCT_BUNDLE_IDENTIFIER = Alena.CourseraStarWarsAPIUITests;
				PRODUCT_NAME = "$(TARGET_NAME)";
				SWIFT_VERSION = 5.0;
				TARGETED_DEVICE_FAMILY = "1,2";
				TEST_TARGET_NAME = CourseraStarWarsAPI;
			};
			name = Debug;
		};
		F735990A2451E65C0059F441 /* Release */ = {
			isa = XCBuildConfiguration;
			buildSettings = {
				ALWAYS_EMBED_SWIFT_STANDARD_LIBRARIES = YES;
				CODE_SIGN_STYLE = Automatic;
				DEVELOPMENT_TEAM = 35FXA3YH32;
				INFOPLIST_FILE = CourseraStarWarsAPIUITests/Info.plist;
				LD_RUNPATH_SEARCH_PATHS = (
					"$(inherited)",
					"@executable_path/Frameworks",
					"@loader_path/Frameworks",
				);
				PRODUCT_BUNDLE_IDENTIFIER = Alena.CourseraStarWarsAPIUITests;
				PRODUCT_NAME = "$(TARGET_NAME)";
				SWIFT_VERSION = 5.0;
				TARGETED_DEVICE_FAMILY = "1,2";
				TEST_TARGET_NAME = CourseraStarWarsAPI;
			};
			name = Release;
		};
/* End XCBuildConfiguration section */

/* Begin XCConfigurationList section */
		F73598D32451E65A0059F441 /* Build configuration list for PBXProject "CourseraStarWarsAPI" */ = {
			isa = XCConfigurationList;
			buildConfigurations = (
				F73599002451E65C0059F441 /* Debug */,
				F73599012451E65C0059F441 /* Release */,
			);
			defaultConfigurationIsVisible = 0;
			defaultConfigurationName = Release;
		};
		F73599022451E65C0059F441 /* Build configuration list for PBXNativeTarget "CourseraStarWarsAPI" */ = {
			isa = XCConfigurationList;
			buildConfigurations = (
				F73599032451E65C0059F441 /* Debug */,
				F73599042451E65C0059F441 /* Release */,
			);
			defaultConfigurationIsVisible = 0;
			defaultConfigurationName = Release;
		};
		F73599052451E65C0059F441 /* Build configuration list for PBXNativeTarget "CourseraStarWarsAPITests" */ = {
			isa = XCConfigurationList;
			buildConfigurations = (
				F73599062451E65C0059F441 /* Debug */,
				F73599072451E65C0059F441 /* Release */,
			);
			defaultConfigurationIsVisible = 0;
			defaultConfigurationName = Release;
		};
		F73599082451E65C0059F441 /* Build configuration list for PBXNativeTarget "CourseraStarWarsAPIUITests" */ = {
			isa = XCConfigurationList;
			buildConfigurations = (
				F73599092451E65C0059F441 /* Debug */,
				F735990A2451E65C0059F441 /* Release */,
			);
			defaultConfigurationIsVisible = 0;
			defaultConfigurationName = Release;
		};
/* End XCConfigurationList section */
	};
	rootObject = F73598D02451E65A0059F441 /* Project object */;
}
